
Microsoft Visual Studio Solution File, Format Version 12.00
# Visual Studio Version 17
VisualStudioVersion = 17.11.35303.130
MinimumVisualStudioVersion = 10.0.40219.1
Project("{FAE04EC0-301F-11D3-BF4B-00C04F79EFBC}") = "StoringFish", "StoringFish\StoringFish.csproj", "{BFE7D7B2-71A5-40DC-BE90-88E9E4598480}"
EndProject
Global
	GlobalSection(SolutionConfigurationPlatforms) = preSolution
		Debug|Any CPU = Debug|Any CPU
		Release|Any CPU = Release|Any CPU
	EndGlobalSection
	GlobalSection(ProjectConfigurationPlatforms) = postSolution
		{BFE7D7B2-71A5-40DC-BE90-88E9E4598480}.Debug|Any CPU.ActiveCfg = Debug|Any CPU
		{BFE7D7B2-71A5-40DC-BE90-88E9E4598480}.Debug|Any CPU.Build.0 = Debug|Any CPU
		{BFE7D7B2-71A5-40DC-BE90-88E9E4598480}.Release|Any CPU.ActiveCfg = Release|Any CPU
		{BFE7D7B2-71A5-40DC-BE90-88E9E4598480}.Release|Any CPU.Build.0 = Release|Any CPU
	EndGlobalSection
	GlobalSection(SolutionProperties) = preSolution
		HideSolutionNode = FALSE
	EndGlobalSection
	GlobalSection(ExtensibilityGlobals) = postSolution
		SolutionGuid = {34FFD5E6-A93F-4B95-A37B-158437BD188A}
	EndGlobalSection
EndGlobal
